
Microsoft Visual Studio Solution File, Format Version 12.00
# Visual Studio 15
VisualStudioVersion = 15.0.27703.2000
MinimumVisualStudioVersion = 10.0.40219.1
Project("{FAE04EC0-301F-11D3-BF4B-00C04F79EFBC}") = "ABPHelper", "ABPHelper\ABPHelper.csproj", "{76CCFF85-B662-41BB-82D3-C44CE08FBB16}"
EndProject
Global
	GlobalSection(SolutionConfigurationPlatforms) = preSolution
		Debug|Any CPU = Debug|Any CPU
		Release|Any CPU = Release|Any CPU
	EndGlobalSection
	GlobalSection(ProjectConfigurationPlatforms) = postSolution
		{76CCFF85-B662-41BB-82D3-C44CE08FBB16}.Debug|Any CPU.ActiveCfg = Debug|Any CPU
		{76CCFF85-B662-41BB-82D3-C44CE08FBB16}.Debug|Any CPU.Build.0 = Debug|Any CPU
		{76CCFF85-B662-41BB-82D3-C44CE08FBB16}.Release|Any CPU.ActiveCfg = Release|Any CPU
		{76CCFF85-B662-41BB-82D3-C44CE08FBB16}.Release|Any CPU.Build.0 = Release|Any CPU
	EndGlobalSection
	GlobalSection(SolutionProperties) = preSolution
		HideSolutionNode = FALSE
	EndGlobalSection
	GlobalSection(ExtensibilityGlobals) = postSolution
		SolutionGuid = {E3BCAEC4-87A4-4FC9-BF1A-979C3746FBF1}
	EndGlobalSection
EndGlobal
